
Microsoft Visual Studio Solution File, Format Version 12.00
# Visual Studio Version 17
VisualStudioVersion = 17.0.31912.275
MinimumVisualStudioVersion = 10.0.40219.1
Project("{FAE04EC0-301F-11D3-BF4B-00C04F79EFBC}") = "CurrencyRatesApp", "CurrencyRatesApp\CurrencyRatesApp.csproj", "{707A1EE3-4B0D-4225-A597-86C1BFCD325D}"
EndProject
Global
	GlobalSection(SolutionConfigurationPlatforms) = preSolution
		Debug|Any CPU = Debug|Any CPU
		Release|Any CPU = Release|Any CPU
	EndGlobalSection
	GlobalSection(ProjectConfigurationPlatforms) = postSolution
		{707A1EE3-4B0D-4225-A597-86C1BFCD325D}.Debug|Any CPU.ActiveCfg = Debug|Any CPU
		{707A1EE3-4B0D-4225-A597-86C1BFCD325D}.Debug|Any CPU.Build.0 = Debug|Any CPU
		{707A1EE3-4B0D-4225-A597-86C1BFCD325D}.Release|Any CPU.ActiveCfg = Release|Any CPU
		{707A1EE3-4B0D-4225-A597-86C1BFCD325D}.Release|Any CPU.Build.0 = Release|Any CPU
	EndGlobalSection
	GlobalSection(SolutionProperties) = preSolution
		HideSolutionNode = FALSE
	EndGlobalSection
	GlobalSection(ExtensibilityGlobals) = postSolution
		SolutionGuid = {C33BB8EB-BD26-439D-AB27-18190DD0CD48}
	EndGlobalSection
EndGlobal
